// !$*UTF8*$!
{
	archiveVersion = 1;
	classes = {
	};
	objectVersion = 50;
	objects = {

/* Begin PBXBuildFile section */
		4496933FEA32F37B9DEA892B /* Pods_CROSA.framework in Frameworks */ = {isa = PBXBuildFile; fileRef = 3E64DD9BC30F749CE23856D1 /* Pods_CROSA.framework */; };
		6C05AB9C20BF046200DCB077 /* HistoryCall.swift in Sources */ = {isa = PBXBuildFile; fileRef = 6C05AB9B20BF046200DCB077 /* HistoryCall.swift */; };
		6C1424C520B9AC4F0055E5A3 /* Call.swift in Sources */ = {isa = PBXBuildFile; fileRef = 6C1424C420B9AC4F0055E5A3 /* Call.swift */; };
		6C353F9620B921580088E214 /* CallKitDemoViewController.swift in Sources */ = {isa = PBXBuildFile; fileRef = 6C353F9420B921570088E214 /* CallKitDemoViewController.swift */; };
		6C353F9720B921580088E214 /* CallKitDemoViewController.xib in Resources */ = {isa = PBXBuildFile; fileRef = 6C353F9520B921570088E214 /* CallKitDemoViewController.xib */; };
		6C479CB620B70A83001B2B2B /* ProviderDelegate.swift in Sources */ = {isa = PBXBuildFile; fileRef = 6C479CB520B70A83001B2B2B /* ProviderDelegate.swift */; };
		6C7B635020B6939D008821F3 /* StringeeViewController.swift in Sources */ = {isa = PBXBuildFile; fileRef = 6C7B634E20B6939D008821F3 /* StringeeViewController.swift */; };
		6C7B635120B6939D008821F3 /* StringeeViewController.xib in Resources */ = {isa = PBXBuildFile; fileRef = 6C7B634F20B6939D008821F3 /* StringeeViewController.xib */; };
		6C7B635320B693E3008821F3 /* AVFoundation.framework in Frameworks */ = {isa = PBXBuildFile; fileRef = 6C7B635220B693E3008821F3 /* AVFoundation.framework */; };
		6C7B635520B693EC008821F3 /* GLKit.framework in Frameworks */ = {isa = PBXBuildFile; fileRef = 6C7B635420B693EC008821F3 /* GLKit.framework */; };
		6C7B635720B693F5008821F3 /* AudioToolbox.framework in Frameworks */ = {isa = PBXBuildFile; fileRef = 6C7B635620B693F4008821F3 /* AudioToolbox.framework */; };
		6C7B635920B693FC008821F3 /* VideoToolbox.framework in Frameworks */ = {isa = PBXBuildFile; fileRef = 6C7B635820B693FC008821F3 /* VideoToolbox.framework */; };
		6C7B635B20B69406008821F3 /* libicucore.tbd in Frameworks */ = {isa = PBXBuildFile; fileRef = 6C7B635A20B69406008821F3 /* libicucore.tbd */; };
		6C7B635D20B6940E008821F3 /* libstdc++.tbd in Frameworks */ = {isa = PBXBuildFile; fileRef = 6C7B635C20B6940E008821F3 /* libstdc++.tbd */; };
		6C8B46B120B9A7C10098EDBE /* CallManager.swift in Sources */ = {isa = PBXBuildFile; fileRef = 6C8B46B020B9A7C10098EDBE /* CallManager.swift */; };
		6C8B46B520B9A9E40098EDBE /* Audio.swift in Sources */ = {isa = PBXBuildFile; fileRef = 6C8B46B420B9A9E40098EDBE /* Audio.swift */; };
		6C8B78AF20BAFEB600C43518 /* LoginViewController.swift in Sources */ = {isa = PBXBuildFile; fileRef = 6C8B78AD20BAFEB600C43518 /* LoginViewController.swift */; };
		6C8B78B020BAFEB600C43518 /* LoginViewController.xib in Resources */ = {isa = PBXBuildFile; fileRef = 6C8B78AE20BAFEB600C43518 /* LoginViewController.xib */; };
		6C8B78B320BB014F00C43518 /* Account.swift in Sources */ = {isa = PBXBuildFile; fileRef = 6C8B78B220BB014F00C43518 /* Account.swift */; };
		6C8B78B520BB020B00C43518 /* AccountAPI.swift in Sources */ = {isa = PBXBuildFile; fileRef = 6C8B78B420BB020B00C43518 /* AccountAPI.swift */; };
		6C9B7C5920BF1BBF002D5CEF /* RecordListViewController.swift in Sources */ = {isa = PBXBuildFile; fileRef = 6C9B7C5720BF1BBF002D5CEF /* RecordListViewController.swift */; };
		6C9B7C5A20BF1BBF002D5CEF /* RecordListViewController.xib in Resources */ = {isa = PBXBuildFile; fileRef = 6C9B7C5820BF1BBF002D5CEF /* RecordListViewController.xib */; };
		6C9B7C5E20BF1FF8002D5CEF /* RecordCell.swift in Sources */ = {isa = PBXBuildFile; fileRef = 6C9B7C5C20BF1FF8002D5CEF /* RecordCell.swift */; };
		6C9B7C5F20BF1FF8002D5CEF /* RecordCell.xib in Resources */ = {isa = PBXBuildFile; fileRef = 6C9B7C5D20BF1FF8002D5CEF /* RecordCell.xib */; };
		6CA8DBA520BAA24800A82DA5 /* AbstractAPI.swift in Sources */ = {isa = PBXBuildFile; fileRef = 6CA8DBA420BAA24800A82DA5 /* AbstractAPI.swift */; };
		6CA8DBA920BAA2AB00A82DA5 /* EnvConfiguration.plist in Resources */ = {isa = PBXBuildFile; fileRef = 6CA8DBA820BAA2AB00A82DA5 /* EnvConfiguration.plist */; };
		6CA8DBB120BAA34200A82DA5 /* _StateMachine.swift in Sources */ = {isa = PBXBuildFile; fileRef = 6CA8DBAC20BAA34200A82DA5 /* _StateMachine.swift */; };
		6CA8DBB220BAA34200A82DA5 /* Cancellable.swift in Sources */ = {isa = PBXBuildFile; fileRef = 6CA8DBAD20BAA34200A82DA5 /* Cancellable.swift */; };
		6CA8DBB320BAA34200A82DA5 /* _RecursiveLock.swift in Sources */ = {isa = PBXBuildFile; fileRef = 6CA8DBAE20BAA34200A82DA5 /* _RecursiveLock.swift */; };
		6CA8DBB420BAA34200A82DA5 /* SwiftTask.swift in Sources */ = {isa = PBXBuildFile; fileRef = 6CA8DBAF20BAA34200A82DA5 /* SwiftTask.swift */; };
		6CA8DBB520BAA34200A82DA5 /* _Atomic.swift in Sources */ = {isa = PBXBuildFile; fileRef = 6CA8DBB020BAA34200A82DA5 /* _Atomic.swift */; };
		6CA8DBBA20BAA54B00A82DA5 /* NibLoadableView.swift in Sources */ = {isa = PBXBuildFile; fileRef = 6CA8DBB820BAA54B00A82DA5 /* NibLoadableView.swift */; };
		6CA8DBBB20BAA54B00A82DA5 /* ReuseableView.swift in Sources */ = {isa = PBXBuildFile; fileRef = 6CA8DBB920BAA54B00A82DA5 /* ReuseableView.swift */; };
		6CA8DBBD20BAA59200A82DA5 /* UIImageViewExtensions.swift in Sources */ = {isa = PBXBuildFile; fileRef = 6CA8DBBC20BAA59200A82DA5 /* UIImageViewExtensions.swift */; };
		6CA8DBBF20BAA5B100A82DA5 /* UIViewExtensions.swift in Sources */ = {isa = PBXBuildFile; fileRef = 6CA8DBBE20BAA5B100A82DA5 /* UIViewExtensions.swift */; };
		6CA8DBC120BAA5CB00A82DA5 /* UITableViewExtensions.swift in Sources */ = {isa = PBXBuildFile; fileRef = 6CA8DBC020BAA5CB00A82DA5 /* UITableViewExtensions.swift */; };
		6CA8DBC320BAA5E800A82DA5 /* InitializeExtensions.swift in Sources */ = {isa = PBXBuildFile; fileRef = 6CA8DBC220BAA5E800A82DA5 /* InitializeExtensions.swift */; };
		6CA8DBC520BAA5FD00A82DA5 /* ProcessInfoExtensions.swift in Sources */ = {isa = PBXBuildFile; fileRef = 6CA8DBC420BAA5FD00A82DA5 /* ProcessInfoExtensions.swift */; };
		6CA8DBC720BAA62100A82DA5 /* UICollectionViewExtensions.swift in Sources */ = {isa = PBXBuildFile; fileRef = 6CA8DBC620BAA62100A82DA5 /* UICollectionViewExtensions.swift */; };
		6CA8DBCA20BAA65A00A82DA5 /* Constant.swift in Sources */ = {isa = PBXBuildFile; fileRef = 6CA8DBC920BAA65A00A82DA5 /* Constant.swift */; };
		6CA8DBCC20BAA6EA00A82DA5 /* StringExtensions.swift in Sources */ = {isa = PBXBuildFile; fileRef = 6CA8DBCB20BAA6EA00A82DA5 /* StringExtensions.swift */; };
		6CA8DBD020BAA7C700A82DA5 /* Contact.swift in Sources */ = {isa = PBXBuildFile; fileRef = 6CA8DBCF20BAA7C600A82DA5 /* Contact.swift */; };
		6CA8DBD220BAAA8F00A82DA5 /* ContactAPI.swift in Sources */ = {isa = PBXBuildFile; fileRef = 6CA8DBD120BAAA8F00A82DA5 /* ContactAPI.swift */; };
		6CA8DBD820BAAD5700A82DA5 /* BaseViewController.swift in Sources */ = {isa = PBXBuildFile; fileRef = 6CA8DBD720BAAD5700A82DA5 /* BaseViewController.swift */; };
		6CA8DBDB20BAADF800A82DA5 /* ContactViewController.swift in Sources */ = {isa = PBXBuildFile; fileRef = 6CA8DBD920BAADF800A82DA5 /* ContactViewController.swift */; };
		6CA8DBDC20BAADF800A82DA5 /* ContactViewController.xib in Resources */ = {isa = PBXBuildFile; fileRef = 6CA8DBDA20BAADF800A82DA5 /* ContactViewController.xib */; };
		6CA8DBDE20BAB2B900A82DA5 /* UIViewControllerExtensions.swift in Sources */ = {isa = PBXBuildFile; fileRef = 6CA8DBDD20BAB2B900A82DA5 /* UIViewControllerExtensions.swift */; };
		6CA8DBE220BAB64400A82DA5 /* LeftMenuViewController.swift in Sources */ = {isa = PBXBuildFile; fileRef = 6CA8DBE020BAB64400A82DA5 /* LeftMenuViewController.swift */; };
		6CA8DBE320BAB64400A82DA5 /* LeftMenuViewController.xib in Resources */ = {isa = PBXBuildFile; fileRef = 6CA8DBE120BAB64400A82DA5 /* LeftMenuViewController.xib */; };
		6CA8DBE520BAB67E00A82DA5 /* BaseTableViewCell.swift in Sources */ = {isa = PBXBuildFile; fileRef = 6CA8DBE420BAB67E00A82DA5 /* BaseTableViewCell.swift */; };
		6CA8DBE720BAB69900A82DA5 /* BaseCollectionViewCell.swift in Sources */ = {isa = PBXBuildFile; fileRef = 6CA8DBE620BAB69900A82DA5 /* BaseCollectionViewCell.swift */; };
		6CA8DBE920BABE8800A82DA5 /* BaseNavigationController.swift in Sources */ = {isa = PBXBuildFile; fileRef = 6CA8DBE820BABE8800A82DA5 /* BaseNavigationController.swift */; };
		6CA8DBED20BAC23000A82DA5 /* DashBoardViewController.swift in Sources */ = {isa = PBXBuildFile; fileRef = 6CA8DBEB20BAC23000A82DA5 /* DashBoardViewController.swift */; };
		6CA8DBEE20BAC23000A82DA5 /* DashBoardViewController.xib in Resources */ = {isa = PBXBuildFile; fileRef = 6CA8DBEC20BAC23000A82DA5 /* DashBoardViewController.xib */; };
		6CA8DBF220BAC7F800A82DA5 /* ContactTableViewCell.swift in Sources */ = {isa = PBXBuildFile; fileRef = 6CA8DBF020BAC7F800A82DA5 /* ContactTableViewCell.swift */; };
		6CA8DBF320BAC7F800A82DA5 /* ContactTableViewCell.xib in Resources */ = {isa = PBXBuildFile; fileRef = 6CA8DBF120BAC7F800A82DA5 /* ContactTableViewCell.xib */; };
		6CA8DBF620BADD6700A82DA5 /* ContactDetailViewController.swift in Sources */ = {isa = PBXBuildFile; fileRef = 6CA8DBF420BADD6700A82DA5 /* ContactDetailViewController.swift */; };
		6CA8DBF720BADD6700A82DA5 /* ContactDetailViewController.xib in Resources */ = {isa = PBXBuildFile; fileRef = 6CA8DBF520BADD6700A82DA5 /* ContactDetailViewController.xib */; };
		6CA8DBFB20BAE8CF00A82DA5 /* StringeeManager.swift in Sources */ = {isa = PBXBuildFile; fileRef = 6CA8DBFA20BAE8CF00A82DA5 /* StringeeManager.swift */; };
		6CE0FFAC20B65A320026BC59 /* AppDelegate.swift in Sources */ = {isa = PBXBuildFile; fileRef = 6CE0FFAB20B65A320026BC59 /* AppDelegate.swift */; };
		6CE0FFB320B65A340026BC59 /* Assets.xcassets in Resources */ = {isa = PBXBuildFile; fileRef = 6CE0FFB220B65A340026BC59 /* Assets.xcassets */; };
		6CE0FFB620B65A340026BC59 /* LaunchScreen.storyboard in Resources */ = {isa = PBXBuildFile; fileRef = 6CE0FFB420B65A340026BC59 /* LaunchScreen.storyboard */; };
		FA0B2AE720C797D6006AB589 /* Checkbox.swift in Sources */ = {isa = PBXBuildFile; fileRef = FA0B2AE620C797D6006AB589 /* Checkbox.swift */; };
		FA0B2AED20C7E93B006AB589 /* StepCollectionViewFlowLayout.swift in Sources */ = {isa = PBXBuildFile; fileRef = FA0B2AE920C7E93B006AB589 /* StepCollectionViewFlowLayout.swift */; };
		FA0B2AEE20C7E93B006AB589 /* FullDateCollectionViewCell.swift in Sources */ = {isa = PBXBuildFile; fileRef = FA0B2AEA20C7E93B006AB589 /* FullDateCollectionViewCell.swift */; };
		FA0B2AEF20C7E93B006AB589 /* DateTimePicker.swift in Sources */ = {isa = PBXBuildFile; fileRef = FA0B2AEB20C7E93B006AB589 /* DateTimePicker.swift */; };
		FA0B2AF020C7E93B006AB589 /* DateCollectionViewCell.swift in Sources */ = {isa = PBXBuildFile; fileRef = FA0B2AEC20C7E93B006AB589 /* DateCollectionViewCell.swift */; };
/* End PBXBuildFile section */

/* Begin PBXFileReference section */
		3E64DD9BC30F749CE23856D1 /* Pods_CROSA.framework */ = {isa = PBXFileReference; explicitFileType = wrapper.framework; includeInIndex = 0; path = Pods_CROSA.framework; sourceTree = BUILT_PRODUCTS_DIR; };
		6C05AB9B20BF046200DCB077 /* HistoryCall.swift */ = {isa = PBXFileReference; lastKnownFileType = sourcecode.swift; path = HistoryCall.swift; sourceTree = "<group>"; };
		6C1424C420B9AC4F0055E5A3 /* Call.swift */ = {isa = PBXFileReference; lastKnownFileType = sourcecode.swift; path = Call.swift; sourceTree = "<group>"; };
		6C353F9420B921570088E214 /* CallKitDemoViewController.swift */ = {isa = PBXFileReference; lastKnownFileType = sourcecode.swift; path = CallKitDemoViewController.swift; sourceTree = "<group>"; };
		6C353F9520B921570088E214 /* CallKitDemoViewController.xib */ = {isa = PBXFileReference; lastKnownFileType = file.xib; path = CallKitDemoViewController.xib; sourceTree = "<group>"; };
		6C479CB520B70A83001B2B2B /* ProviderDelegate.swift */ = {isa = PBXFileReference; lastKnownFileType = sourcecode.swift; path = ProviderDelegate.swift; sourceTree = "<group>"; };
		6C7B634E20B6939D008821F3 /* StringeeViewController.swift */ = {isa = PBXFileReference; lastKnownFileType = sourcecode.swift; path = StringeeViewController.swift; sourceTree = "<group>"; };
		6C7B634F20B6939D008821F3 /* StringeeViewController.xib */ = {isa = PBXFileReference; lastKnownFileType = file.xib; path = StringeeViewController.xib; sourceTree = "<group>"; };
		6C7B635220B693E3008821F3 /* AVFoundation.framework */ = {isa = PBXFileReference; lastKnownFileType = wrapper.framework; name = AVFoundation.framework; path = System/Library/Frameworks/AVFoundation.framework; sourceTree = SDKROOT; };
		6C7B635420B693EC008821F3 /* GLKit.framework */ = {isa = PBXFileReference; lastKnownFileType = wrapper.framework; name = GLKit.framework; path = System/Library/Frameworks/GLKit.framework; sourceTree = SDKROOT; };
		6C7B635620B693F4008821F3 /* AudioToolbox.framework */ = {isa = PBXFileReference; lastKnownFileType = wrapper.framework; name = AudioToolbox.framework; path = System/Library/Frameworks/AudioToolbox.framework; sourceTree = SDKROOT; };
		6C7B635820B693FC008821F3 /* VideoToolbox.framework */ = {isa = PBXFileReference; lastKnownFileType = wrapper.framework; name = VideoToolbox.framework; path = System/Library/Frameworks/VideoToolbox.framework; sourceTree = SDKROOT; };
		6C7B635A20B69406008821F3 /* libicucore.tbd */ = {isa = PBXFileReference; lastKnownFileType = "sourcecode.text-based-dylib-definition"; name = libicucore.tbd; path = usr/lib/libicucore.tbd; sourceTree = SDKROOT; };
		6C7B635C20B6940E008821F3 /* libstdc++.tbd */ = {isa = PBXFileReference; lastKnownFileType = "sourcecode.text-based-dylib-definition"; name = "libstdc++.tbd"; path = "usr/lib/libstdc++.tbd"; sourceTree = SDKROOT; };
		6C8B46B020B9A7C10098EDBE /* CallManager.swift */ = {isa = PBXFileReference; lastKnownFileType = sourcecode.swift; path = CallManager.swift; sourceTree = "<group>"; };
		6C8B46B420B9A9E40098EDBE /* Audio.swift */ = {isa = PBXFileReference; lastKnownFileType = sourcecode.swift; path = Audio.swift; sourceTree = "<group>"; };
		6C8B78AD20BAFEB600C43518 /* LoginViewController.swift */ = {isa = PBXFileReference; lastKnownFileType = sourcecode.swift; path = LoginViewController.swift; sourceTree = "<group>"; };
		6C8B78AE20BAFEB600C43518 /* LoginViewController.xib */ = {isa = PBXFileReference; lastKnownFileType = file.xib; path = LoginViewController.xib; sourceTree = "<group>"; };
		6C8B78B220BB014F00C43518 /* Account.swift */ = {isa = PBXFileReference; lastKnownFileType = sourcecode.swift; path = Account.swift; sourceTree = "<group>"; };
		6C8B78B420BB020B00C43518 /* AccountAPI.swift */ = {isa = PBXFileReference; lastKnownFileType = sourcecode.swift; path = AccountAPI.swift; sourceTree = "<group>"; };
		6C9A51DA20B65FD5006C5B73 /* CROSA-Bridging-Header.h */ = {isa = PBXFileReference; lastKnownFileType = sourcecode.c.h; path = "CROSA-Bridging-Header.h"; sourceTree = "<group>"; };
		6C9B7C5720BF1BBF002D5CEF /* RecordListViewController.swift */ = {isa = PBXFileReference; lastKnownFileType = sourcecode.swift; path = RecordListViewController.swift; sourceTree = "<group>"; };
		6C9B7C5820BF1BBF002D5CEF /* RecordListViewController.xib */ = {isa = PBXFileReference; lastKnownFileType = file.xib; path = RecordListViewController.xib; sourceTree = "<group>"; };
		6C9B7C5C20BF1FF8002D5CEF /* RecordCell.swift */ = {isa = PBXFileReference; lastKnownFileType = sourcecode.swift; path = RecordCell.swift; sourceTree = "<group>"; };
		6C9B7C5D20BF1FF8002D5CEF /* RecordCell.xib */ = {isa = PBXFileReference; lastKnownFileType = file.xib; path = RecordCell.xib; sourceTree = "<group>"; };
		6CA8DBA420BAA24800A82DA5 /* AbstractAPI.swift */ = {isa = PBXFileReference; lastKnownFileType = sourcecode.swift; path = AbstractAPI.swift; sourceTree = "<group>"; };
		6CA8DBA820BAA2AB00A82DA5 /* EnvConfiguration.plist */ = {isa = PBXFileReference; fileEncoding = 4; lastKnownFileType = text.plist.xml; path = EnvConfiguration.plist; sourceTree = "<group>"; };
		6CA8DBAC20BAA34200A82DA5 /* _StateMachine.swift */ = {isa = PBXFileReference; fileEncoding = 4; lastKnownFileType = sourcecode.swift; path = _StateMachine.swift; sourceTree = "<group>"; };
		6CA8DBAD20BAA34200A82DA5 /* Cancellable.swift */ = {isa = PBXFileReference; fileEncoding = 4; lastKnownFileType = sourcecode.swift; path = Cancellable.swift; sourceTree = "<group>"; };
		6CA8DBAE20BAA34200A82DA5 /* _RecursiveLock.swift */ = {isa = PBXFileReference; fileEncoding = 4; lastKnownFileType = sourcecode.swift; path = _RecursiveLock.swift; sourceTree = "<group>"; };
		6CA8DBAF20BAA34200A82DA5 /* SwiftTask.swift */ = {isa = PBXFileReference; fileEncoding = 4; lastKnownFileType = sourcecode.swift; path = SwiftTask.swift; sourceTree = "<group>"; };
		6CA8DBB020BAA34200A82DA5 /* _Atomic.swift */ = {isa = PBXFileReference; fileEncoding = 4; lastKnownFileType = sourcecode.swift; path = _Atomic.swift; sourceTree = "<group>"; };
		6CA8DBB820BAA54B00A82DA5 /* NibLoadableView.swift */ = {isa = PBXFileReference; fileEncoding = 4; lastKnownFileType = sourcecode.swift; path = NibLoadableView.swift; sourceTree = "<group>"; };
		6CA8DBB920BAA54B00A82DA5 /* ReuseableView.swift */ = {isa = PBXFileReference; fileEncoding = 4; lastKnownFileType = sourcecode.swift; path = ReuseableView.swift; sourceTree = "<group>"; };
		6CA8DBBC20BAA59200A82DA5 /* UIImageViewExtensions.swift */ = {isa = PBXFileReference; lastKnownFileType = sourcecode.swift; path = UIImageViewExtensions.swift; sourceTree = "<group>"; };
		6CA8DBBE20BAA5B100A82DA5 /* UIViewExtensions.swift */ = {isa = PBXFileReference; lastKnownFileType = sourcecode.swift; path = UIViewExtensions.swift; sourceTree = "<group>"; };
		6CA8DBC020BAA5CB00A82DA5 /* UITableViewExtensions.swift */ = {isa = PBXFileReference; lastKnownFileType = sourcecode.swift; path = UITableViewExtensions.swift; sourceTree = "<group>"; };
		6CA8DBC220BAA5E800A82DA5 /* InitializeExtensions.swift */ = {isa = PBXFileReference; lastKnownFileType = sourcecode.swift; path = InitializeExtensions.swift; sourceTree = "<group>"; };
		6CA8DBC420BAA5FD00A82DA5 /* ProcessInfoExtensions.swift */ = {isa = PBXFileReference; lastKnownFileType = sourcecode.swift; path = ProcessInfoExtensions.swift; sourceTree = "<group>"; };
		6CA8DBC620BAA62100A82DA5 /* UICollectionViewExtensions.swift */ = {isa = PBXFileReference; lastKnownFileType = sourcecode.swift; path = UICollectionViewExtensions.swift; sourceTree = "<group>"; };
		6CA8DBC920BAA65A00A82DA5 /* Constant.swift */ = {isa = PBXFileReference; lastKnownFileType = sourcecode.swift; path = Constant.swift; sourceTree = "<group>"; };
		6CA8DBCB20BAA6EA00A82DA5 /* StringExtensions.swift */ = {isa = PBXFileReference; lastKnownFileType = sourcecode.swift; path = StringExtensions.swift; sourceTree = "<group>"; };
		6CA8DBCF20BAA7C600A82DA5 /* Contact.swift */ = {isa = PBXFileReference; lastKnownFileType = sourcecode.swift; path = Contact.swift; sourceTree = "<group>"; };
		6CA8DBD120BAAA8F00A82DA5 /* ContactAPI.swift */ = {isa = PBXFileReference; lastKnownFileType = sourcecode.swift; path = ContactAPI.swift; sourceTree = "<group>"; };
		6CA8DBD720BAAD5700A82DA5 /* BaseViewController.swift */ = {isa = PBXFileReference; lastKnownFileType = sourcecode.swift; path = BaseViewController.swift; sourceTree = "<group>"; };
		6CA8DBD920BAADF800A82DA5 /* ContactViewController.swift */ = {isa = PBXFileReference; lastKnownFileType = sourcecode.swift; path = ContactViewController.swift; sourceTree = "<group>"; };
		6CA8DBDA20BAADF800A82DA5 /* ContactViewController.xib */ = {isa = PBXFileReference; lastKnownFileType = file.xib; path = ContactViewController.xib; sourceTree = "<group>"; };
		6CA8DBDD20BAB2B900A82DA5 /* UIViewControllerExtensions.swift */ = {isa = PBXFileReference; lastKnownFileType = sourcecode.swift; path = UIViewControllerExtensions.swift; sourceTree = "<group>"; };
		6CA8DBE020BAB64400A82DA5 /* LeftMenuViewController.swift */ = {isa = PBXFileReference; lastKnownFileType = sourcecode.swift; path = LeftMenuViewController.swift; sourceTree = "<group>"; };
		6CA8DBE120BAB64400A82DA5 /* LeftMenuViewController.xib */ = {isa = PBXFileReference; lastKnownFileType = file.xib; path = LeftMenuViewController.xib; sourceTree = "<group>"; };
		6CA8DBE420BAB67E00A82DA5 /* BaseTableViewCell.swift */ = {isa = PBXFileReference; lastKnownFileType = sourcecode.swift; path = BaseTableViewCell.swift; sourceTree = "<group>"; };
		6CA8DBE620BAB69900A82DA5 /* BaseCollectionViewCell.swift */ = {isa = PBXFileReference; lastKnownFileType = sourcecode.swift; path = BaseCollectionViewCell.swift; sourceTree = "<group>"; };
		6CA8DBE820BABE8800A82DA5 /* BaseNavigationController.swift */ = {isa = PBXFileReference; lastKnownFileType = sourcecode.swift; path = BaseNavigationController.swift; sourceTree = "<group>"; };
		6CA8DBEB20BAC23000A82DA5 /* DashBoardViewController.swift */ = {isa = PBXFileReference; lastKnownFileType = sourcecode.swift; path = DashBoardViewController.swift; sourceTree = "<group>"; };
		6CA8DBEC20BAC23000A82DA5 /* DashBoardViewController.xib */ = {isa = PBXFileReference; lastKnownFileType = file.xib; path = DashBoardViewController.xib; sourceTree = "<group>"; };
		6CA8DBF020BAC7F800A82DA5 /* ContactTableViewCell.swift */ = {isa = PBXFileReference; lastKnownFileType = sourcecode.swift; path = ContactTableViewCell.swift; sourceTree = "<group>"; };
		6CA8DBF120BAC7F800A82DA5 /* ContactTableViewCell.xib */ = {isa = PBXFileReference; lastKnownFileType = file.xib; path = ContactTableViewCell.xib; sourceTree = "<group>"; };
		6CA8DBF420BADD6700A82DA5 /* ContactDetailViewController.swift */ = {isa = PBXFileReference; lastKnownFileType = sourcecode.swift; path = ContactDetailViewController.swift; sourceTree = "<group>"; };
		6CA8DBF520BADD6700A82DA5 /* ContactDetailViewController.xib */ = {isa = PBXFileReference; lastKnownFileType = file.xib; path = ContactDetailViewController.xib; sourceTree = "<group>"; };
		6CA8DBFA20BAE8CF00A82DA5 /* StringeeManager.swift */ = {isa = PBXFileReference; lastKnownFileType = sourcecode.swift; path = StringeeManager.swift; sourceTree = "<group>"; };
		6CE0FFA820B65A320026BC59 /* CROSA.app */ = {isa = PBXFileReference; explicitFileType = wrapper.application; includeInIndex = 0; path = CROSA.app; sourceTree = BUILT_PRODUCTS_DIR; };
		6CE0FFAB20B65A320026BC59 /* AppDelegate.swift */ = {isa = PBXFileReference; lastKnownFileType = sourcecode.swift; path = AppDelegate.swift; sourceTree = "<group>"; };
		6CE0FFB220B65A340026BC59 /* Assets.xcassets */ = {isa = PBXFileReference; lastKnownFileType = folder.assetcatalog; path = Assets.xcassets; sourceTree = "<group>"; };
		6CE0FFB520B65A340026BC59 /* Base */ = {isa = PBXFileReference; lastKnownFileType = file.storyboard; name = Base; path = Base.lproj/LaunchScreen.storyboard; sourceTree = "<group>"; };
		6CE0FFB720B65A340026BC59 /* Info.plist */ = {isa = PBXFileReference; lastKnownFileType = text.plist.xml; path = Info.plist; sourceTree = "<group>"; };
		7205D19B3F2585EB73829010 /* Pods-CROSA.release.xcconfig */ = {isa = PBXFileReference; includeInIndex = 1; lastKnownFileType = text.xcconfig; name = "Pods-CROSA.release.xcconfig"; path = "Pods/Target Support Files/Pods-CROSA/Pods-CROSA.release.xcconfig"; sourceTree = "<group>"; };
		B6818358FB8410F1B7D3D41D /* Pods-CROSA.debug.xcconfig */ = {isa = PBXFileReference; includeInIndex = 1; lastKnownFileType = text.xcconfig; name = "Pods-CROSA.debug.xcconfig"; path = "Pods/Target Support Files/Pods-CROSA/Pods-CROSA.debug.xcconfig"; sourceTree = "<group>"; };
		FA0B2AE620C797D6006AB589 /* Checkbox.swift */ = {isa = PBXFileReference; fileEncoding = 4; lastKnownFileType = sourcecode.swift; path = Checkbox.swift; sourceTree = "<group>"; };
		FA0B2AE920C7E93B006AB589 /* StepCollectionViewFlowLayout.swift */ = {isa = PBXFileReference; fileEncoding = 4; lastKnownFileType = sourcecode.swift; path = StepCollectionViewFlowLayout.swift; sourceTree = "<group>"; };
		FA0B2AEA20C7E93B006AB589 /* FullDateCollectionViewCell.swift */ = {isa = PBXFileReference; fileEncoding = 4; lastKnownFileType = sourcecode.swift; path = FullDateCollectionViewCell.swift; sourceTree = "<group>"; };
		FA0B2AEB20C7E93B006AB589 /* DateTimePicker.swift */ = {isa = PBXFileReference; fileEncoding = 4; lastKnownFileType = sourcecode.swift; path = DateTimePicker.swift; sourceTree = "<group>"; };
		FA0B2AEC20C7E93B006AB589 /* DateCollectionViewCell.swift */ = {isa = PBXFileReference; fileEncoding = 4; lastKnownFileType = sourcecode.swift; path = DateCollectionViewCell.swift; sourceTree = "<group>"; };
/* End PBXFileReference section */

/* Begin PBXFrameworksBuildPhase section */
		6CE0FFA520B65A320026BC59 /* Frameworks */ = {
			isa = PBXFrameworksBuildPhase;
			buildActionMask = 2147483647;
			files = (
				6C7B635D20B6940E008821F3 /* libstdc++.tbd in Frameworks */,
				6C7B635B20B69406008821F3 /* libicucore.tbd in Frameworks */,
				6C7B635920B693FC008821F3 /* VideoToolbox.framework in Frameworks */,
				6C7B635720B693F5008821F3 /* AudioToolbox.framework in Frameworks */,
				6C7B635520B693EC008821F3 /* GLKit.framework in Frameworks */,
				6C7B635320B693E3008821F3 /* AVFoundation.framework in Frameworks */,
				4496933FEA32F37B9DEA892B /* Pods_CROSA.framework in Frameworks */,
			);
			runOnlyForDeploymentPostprocessing = 0;
		};
/* End PBXFrameworksBuildPhase section */

/* Begin PBXGroup section */
		6C1D9968578CBEC9B35A0656 /* Frameworks */ = {
			isa = PBXGroup;
			children = (
				6C7B635C20B6940E008821F3 /* libstdc++.tbd */,
				6C7B635A20B69406008821F3 /* libicucore.tbd */,
				6C7B635820B693FC008821F3 /* VideoToolbox.framework */,
				6C7B635620B693F4008821F3 /* AudioToolbox.framework */,
				6C7B635420B693EC008821F3 /* GLKit.framework */,
				6C7B635220B693E3008821F3 /* AVFoundation.framework */,
				3E64DD9BC30F749CE23856D1 /* Pods_CROSA.framework */,
			);
			name = Frameworks;
			sourceTree = "<group>";
		};
		6C479CB420B70A60001B2B2B /* Call */ = {
			isa = PBXGroup;
			children = (
				6CA8DBF920BAE8BF00A82DA5 /* Stringee */,
				6C8B46B320B9A9D50098EDBE /* Audio */,
				6C8B46B220B9A9560098EDBE /* CallManagement */,
			);
			path = Call;
			sourceTree = "<group>";
		};
		6C543EB420BBF72E0096B287 /* Demo */ = {
			isa = PBXGroup;
			children = (
				6C7B634E20B6939D008821F3 /* StringeeViewController.swift */,
				6C7B634F20B6939D008821F3 /* StringeeViewController.xib */,
				6C353F9420B921570088E214 /* CallKitDemoViewController.swift */,
				6C353F9520B921570088E214 /* CallKitDemoViewController.xib */,
			);
			path = Demo;
			sourceTree = "<group>";
		};
		6C8B46B220B9A9560098EDBE /* CallManagement */ = {
			isa = PBXGroup;
			children = (
				6C8B46B020B9A7C10098EDBE /* CallManager.swift */,
				6C1424C420B9AC4F0055E5A3 /* Call.swift */,
			);
			path = CallManagement;
			sourceTree = "<group>";
		};
		6C8B46B320B9A9D50098EDBE /* Audio */ = {
			isa = PBXGroup;
			children = (
				6C8B46B420B9A9E40098EDBE /* Audio.swift */,
			);
			path = Audio;
			sourceTree = "<group>";
		};
		6C8B46B620B9A9FC0098EDBE /* App */ = {
			isa = PBXGroup;
			children = (
				6CE0FFAB20B65A320026BC59 /* AppDelegate.swift */,
				6C479CB520B70A83001B2B2B /* ProviderDelegate.swift */,
			);
			path = App;
			sourceTree = "<group>";
		};
		6C8B46B820B9AA150098EDBE /* Supporting Files */ = {
			isa = PBXGroup;
			children = (
				6C9A51DA20B65FD5006C5B73 /* CROSA-Bridging-Header.h */,
				6CA8DBA820BAA2AB00A82DA5 /* EnvConfiguration.plist */,
				6CE0FFB720B65A340026BC59 /* Info.plist */,
				6CE0FFB220B65A340026BC59 /* Assets.xcassets */,
			);
			path = "Supporting Files";
			sourceTree = "<group>";
		};
		6C8B46B920B9AA360098EDBE /* UI */ = {
			isa = PBXGroup;
			children = (
				6C8B78AC20BAFE9F00C43518 /* Login */,
				6CA8DBEA20BAC1FB00A82DA5 /* Dashboard */,
				6CA8DBDF20BAB60E00A82DA5 /* LeftMenu */,
				6CA8DBD420BAACF200A82DA5 /* ContactList */,
				6CA8DBF820BADD6D00A82DA5 /* ContactDetail */,
				6CE0FFB420B65A340026BC59 /* LaunchScreen.storyboard */,
			);
			path = UI;
			sourceTree = "<group>";
		};
		6C8B78AC20BAFE9F00C43518 /* Login */ = {
			isa = PBXGroup;
			children = (
				6C8B78AD20BAFEB600C43518 /* LoginViewController.swift */,
				6C8B78AE20BAFEB600C43518 /* LoginViewController.xib */,
			);
			path = Login;
			sourceTree = "<group>";
		};
		6C8B78B120BB012D00C43518 /* Account */ = {
			isa = PBXGroup;
			children = (
				6C8B78B220BB014F00C43518 /* Account.swift */,
			);
			path = Account;
			sourceTree = "<group>";
		};
		6C9B7C5620BF1BA3002D5CEF /* RecordList */ = {
			isa = PBXGroup;
			children = (
				6C9B7C5B20BF1FE6002D5CEF /* Cell */,
				6C9B7C5720BF1BBF002D5CEF /* RecordListViewController.swift */,
				6C9B7C5820BF1BBF002D5CEF /* RecordListViewController.xib */,
			);
			path = RecordList;
			sourceTree = "<group>";
		};
		6C9B7C5B20BF1FE6002D5CEF /* Cell */ = {
			isa = PBXGroup;
			children = (
				6C9B7C5C20BF1FF8002D5CEF /* RecordCell.swift */,
				6C9B7C5D20BF1FF8002D5CEF /* RecordCell.xib */,
			);
			path = Cell;
			sourceTree = "<group>";
		};
		6CA8DB9D20BAA1A100A82DA5 /* NetworkService */ = {
			isa = PBXGroup;
			children = (
				6C8B78B120BB012D00C43518 /* Account */,
				6CA8DBCE20BAA77E00A82DA5 /* API */,
				6CA8DBCD20BAA77A00A82DA5 /* Model */,
				6CA8DBA420BAA24800A82DA5 /* AbstractAPI.swift */,
			);
			path = NetworkService;
			sourceTree = "<group>";
		};
		6CA8DBAA20BAA32B00A82DA5 /* Library */ = {
			isa = PBXGroup;
			children = (
				6CA8DBAB20BAA34200A82DA5 /* SwiftTask */,
			);
			path = Library;
			sourceTree = "<group>";
		};
		6CA8DBAB20BAA34200A82DA5 /* SwiftTask */ = {
			isa = PBXGroup;
			children = (
				6CA8DBAC20BAA34200A82DA5 /* _StateMachine.swift */,
				6CA8DBAD20BAA34200A82DA5 /* Cancellable.swift */,
				6CA8DBAE20BAA34200A82DA5 /* _RecursiveLock.swift */,
				6CA8DBAF20BAA34200A82DA5 /* SwiftTask.swift */,
				6CA8DBB020BAA34200A82DA5 /* _Atomic.swift */,
			);
			path = SwiftTask;
			sourceTree = "<group>";
		};
		6CA8DBB620BAA53F00A82DA5 /* Extensions */ = {
			isa = PBXGroup;
			children = (
				6CA8DBB720BAA54B00A82DA5 /* ReusableView */,
				6CA8DBBC20BAA59200A82DA5 /* UIImageViewExtensions.swift */,
				6CA8DBBE20BAA5B100A82DA5 /* UIViewExtensions.swift */,
				6CA8DBC020BAA5CB00A82DA5 /* UITableViewExtensions.swift */,
				6CA8DBC220BAA5E800A82DA5 /* InitializeExtensions.swift */,
				6CA8DBC420BAA5FD00A82DA5 /* ProcessInfoExtensions.swift */,
				6CA8DBC620BAA62100A82DA5 /* UICollectionViewExtensions.swift */,
				6CA8DBCB20BAA6EA00A82DA5 /* StringExtensions.swift */,
				6CA8DBDD20BAB2B900A82DA5 /* UIViewControllerExtensions.swift */,
			);
			path = Extensions;
			sourceTree = "<group>";
		};
		6CA8DBB720BAA54B00A82DA5 /* ReusableView */ = {
			isa = PBXGroup;
			children = (
				6CA8DBB820BAA54B00A82DA5 /* NibLoadableView.swift */,
				6CA8DBB920BAA54B00A82DA5 /* ReuseableView.swift */,
			);
			path = ReusableView;
			sourceTree = "<group>";
		};
		6CA8DBC820BAA64500A82DA5 /* Common */ = {
			isa = PBXGroup;
			children = (
				6CA8DBD620BAAD4400A82DA5 /* BaseClass */,
				6CA8DBC920BAA65A00A82DA5 /* Constant.swift */,
			);
			path = Common;
			sourceTree = "<group>";
		};
		6CA8DBCD20BAA77A00A82DA5 /* Model */ = {
			isa = PBXGroup;
			children = (
				6CA8DBCF20BAA7C600A82DA5 /* Contact.swift */,
				6C05AB9B20BF046200DCB077 /* HistoryCall.swift */,
			);
			path = Model;
			sourceTree = "<group>";
		};
		6CA8DBCE20BAA77E00A82DA5 /* API */ = {
			isa = PBXGroup;
			children = (
				6CA8DBD120BAAA8F00A82DA5 /* ContactAPI.swift */,
				6C8B78B420BB020B00C43518 /* AccountAPI.swift */,
			);
			path = API;
			sourceTree = "<group>";
		};
		6CA8DBD420BAACF200A82DA5 /* ContactList */ = {
			isa = PBXGroup;
			children = (
				6CA8DBEF20BAC7DB00A82DA5 /* Cell */,
				6CA8DBD920BAADF800A82DA5 /* ContactViewController.swift */,
				6CA8DBDA20BAADF800A82DA5 /* ContactViewController.xib */,
			);
			path = ContactList;
			sourceTree = "<group>";
		};
		6CA8DBD620BAAD4400A82DA5 /* BaseClass */ = {
			isa = PBXGroup;
			children = (
				6CA8DBD720BAAD5700A82DA5 /* BaseViewController.swift */,
				6CA8DBE420BAB67E00A82DA5 /* BaseTableViewCell.swift */,
				6CA8DBE620BAB69900A82DA5 /* BaseCollectionViewCell.swift */,
				6CA8DBE820BABE8800A82DA5 /* BaseNavigationController.swift */,
			);
			path = BaseClass;
			sourceTree = "<group>";
		};
		6CA8DBDF20BAB60E00A82DA5 /* LeftMenu */ = {
			isa = PBXGroup;
			children = (
				6CA8DBE020BAB64400A82DA5 /* LeftMenuViewController.swift */,
				6CA8DBE120BAB64400A82DA5 /* LeftMenuViewController.xib */,
			);
			path = LeftMenu;
			sourceTree = "<group>";
		};
		6CA8DBEA20BAC1FB00A82DA5 /* Dashboard */ = {
			isa = PBXGroup;
			children = (
				6CA8DBEB20BAC23000A82DA5 /* DashBoardViewController.swift */,
				6CA8DBEC20BAC23000A82DA5 /* DashBoardViewController.xib */,
			);
			path = Dashboard;
			sourceTree = "<group>";
		};
		6CA8DBEF20BAC7DB00A82DA5 /* Cell */ = {
			isa = PBXGroup;
			children = (
				6CA8DBF020BAC7F800A82DA5 /* ContactTableViewCell.swift */,
				6CA8DBF120BAC7F800A82DA5 /* ContactTableViewCell.xib */,
			);
			path = Cell;
			sourceTree = "<group>";
		};
		6CA8DBF820BADD6D00A82DA5 /* ContactDetail */ = {
			isa = PBXGroup;
			children = (
				6C9B7C5620BF1BA3002D5CEF /* RecordList */,
				6CA8DBF420BADD6700A82DA5 /* ContactDetailViewController.swift */,
				6CA8DBF520BADD6700A82DA5 /* ContactDetailViewController.xib */,
			);
			path = ContactDetail;
			sourceTree = "<group>";
		};
		6CA8DBF920BAE8BF00A82DA5 /* Stringee */ = {
			isa = PBXGroup;
			children = (
				6CA8DBFA20BAE8CF00A82DA5 /* StringeeManager.swift */,
			);
			path = Stringee;
			sourceTree = "<group>";
		};
		6CE0FF9F20B65A320026BC59 = {
			isa = PBXGroup;
			children = (
				6CE0FFAA20B65A320026BC59 /* CROSA */,
				6CE0FFA920B65A320026BC59 /* Products */,
				758FD8DBAC4E33A07D7905A0 /* Pods */,
				6C1D9968578CBEC9B35A0656 /* Frameworks */,
			);
			sourceTree = "<group>";
		};
		6CE0FFA920B65A320026BC59 /* Products */ = {
			isa = PBXGroup;
			children = (
				6CE0FFA820B65A320026BC59 /* CROSA.app */,
			);
			name = Products;
			sourceTree = "<group>";
		};
		6CE0FFAA20B65A320026BC59 /* CROSA */ = {
			isa = PBXGroup;
			children = (
				FA0B2AE820C7E93B006AB589 /* Source */,
				FA0B2AE520C797D6006AB589 /* checkbox */,
				6C543EB420BBF72E0096B287 /* Demo */,
				6CA8DBC820BAA64500A82DA5 /* Common */,
				6CA8DBB620BAA53F00A82DA5 /* Extensions */,
				6CA8DBAA20BAA32B00A82DA5 /* Library */,
				6CA8DB9D20BAA1A100A82DA5 /* NetworkService */,
				6C8B46B620B9A9FC0098EDBE /* App */,
				6C479CB420B70A60001B2B2B /* Call */,
				6C8B46B920B9AA360098EDBE /* UI */,
				6C8B46B820B9AA150098EDBE /* Supporting Files */,
			);
			path = CROSA;
			sourceTree = "<group>";
		};
		758FD8DBAC4E33A07D7905A0 /* Pods */ = {
			isa = PBXGroup;
			children = (
				B6818358FB8410F1B7D3D41D /* Pods-CROSA.debug.xcconfig */,
				7205D19B3F2585EB73829010 /* Pods-CROSA.release.xcconfig */,
			);
			name = Pods;
			sourceTree = "<group>";
		};
		FA0B2AE520C797D6006AB589 /* checkbox */ = {
			isa = PBXGroup;
			children = (
				FA0B2AE620C797D6006AB589 /* Checkbox.swift */,
			);
			name = checkbox;
			path = "../../SimpleCheckbox-master/checkbox";
			sourceTree = "<group>";
		};
		FA0B2AE820C7E93B006AB589 /* Source */ = {
			isa = PBXGroup;
			children = (
				FA0B2AE920C7E93B006AB589 /* StepCollectionViewFlowLayout.swift */,
				FA0B2AEA20C7E93B006AB589 /* FullDateCollectionViewCell.swift */,
				FA0B2AEB20C7E93B006AB589 /* DateTimePicker.swift */,
				FA0B2AEC20C7E93B006AB589 /* DateCollectionViewCell.swift */,
			);
			path = Source;
			sourceTree = "<group>";
		};
/* End PBXGroup section */

/* Begin PBXNativeTarget section */
		6CE0FFA720B65A320026BC59 /* CROSA */ = {
			isa = PBXNativeTarget;
			buildConfigurationList = 6CE0FFBA20B65A340026BC59 /* Build configuration list for PBXNativeTarget "CROSA" */;
			buildPhases = (
				0B63F7333004A12DAF974D5E /* [CP] Check Pods Manifest.lock */,
				6CE0FFA420B65A320026BC59 /* Sources */,
				6CE0FFA520B65A320026BC59 /* Frameworks */,
				6CE0FFA620B65A320026BC59 /* Resources */,
				BCB70E11262F37FCAD452509 /* [CP] Embed Pods Frameworks */,
			);
			buildRules = (
			);
			dependencies = (
			);
			name = CROSA;
			productName = CROSA;
			productReference = 6CE0FFA820B65A320026BC59 /* CROSA.app */;
			productType = "com.apple.product-type.application";
		};
/* End PBXNativeTarget section */

/* Begin PBXProject section */
		6CE0FFA020B65A320026BC59 /* Project object */ = {
			isa = PBXProject;
			attributes = {
				LastSwiftUpdateCheck = 0930;
				LastUpgradeCheck = 0930;
				ORGANIZATIONNAME = "Jimmy Pham";
				TargetAttributes = {
					6CE0FFA720B65A320026BC59 = {
						CreatedOnToolsVersion = 9.3.1;
						LastSwiftMigration = 0930;
						SystemCapabilities = {
							com.apple.BackgroundModes = {
								enabled = 1;
							};
						};
					};
				};
			};
			buildConfigurationList = 6CE0FFA320B65A320026BC59 /* Build configuration list for PBXProject "CROSA" */;
			compatibilityVersion = "Xcode 9.3";
			developmentRegion = en;
			hasScannedForEncodings = 0;
			knownRegions = (
				en,
				Base,
			);
			mainGroup = 6CE0FF9F20B65A320026BC59;
			productRefGroup = 6CE0FFA920B65A320026BC59 /* Products */;
			projectDirPath = "";
			projectRoot = "";
			targets = (
				6CE0FFA720B65A320026BC59 /* CROSA */,
			);
		};
/* End PBXProject section */

/* Begin PBXResourcesBuildPhase section */
		6CE0FFA620B65A320026BC59 /* Resources */ = {
			isa = PBXResourcesBuildPhase;
			buildActionMask = 2147483647;
			files = (
				6CA8DBF320BAC7F800A82DA5 /* ContactTableViewCell.xib in Resources */,
				6CE0FFB620B65A340026BC59 /* LaunchScreen.storyboard in Resources */,
				6C8B78B020BAFEB600C43518 /* LoginViewController.xib in Resources */,
				6CA8DBDC20BAADF800A82DA5 /* ContactViewController.xib in Resources */,
				6CE0FFB320B65A340026BC59 /* Assets.xcassets in Resources */,
				6CA8DBEE20BAC23000A82DA5 /* DashBoardViewController.xib in Resources */,
				6C9B7C5F20BF1FF8002D5CEF /* RecordCell.xib in Resources */,
				6CA8DBA920BAA2AB00A82DA5 /* EnvConfiguration.plist in Resources */,
				6C353F9720B921580088E214 /* CallKitDemoViewController.xib in Resources */,
				6CA8DBE320BAB64400A82DA5 /* LeftMenuViewController.xib in Resources */,
				6CA8DBF720BADD6700A82DA5 /* ContactDetailViewController.xib in Resources */,
				6C7B635120B6939D008821F3 /* StringeeViewController.xib in Resources */,
				6C9B7C5A20BF1BBF002D5CEF /* RecordListViewController.xib in Resources */,
			);
			runOnlyForDeploymentPostprocessing = 0;
		};
/* End PBXResourcesBuildPhase section */

/* Begin PBXShellScriptBuildPhase section */
		0B63F7333004A12DAF974D5E /* [CP] Check Pods Manifest.lock */ = {
			isa = PBXShellScriptBuildPhase;
			buildActionMask = 2147483647;
			files = (
			);
			inputPaths = (
				"${PODS_PODFILE_DIR_PATH}/Podfile.lock",
				"${PODS_ROOT}/Manifest.lock",
			);
			name = "[CP] Check Pods Manifest.lock";
			outputPaths = (
				"$(DERIVED_FILE_DIR)/Pods-CROSA-checkManifestLockResult.txt",
			);
			runOnlyForDeploymentPostprocessing = 0;
			shellPath = /bin/sh;
			shellScript = "diff \"${PODS_PODFILE_DIR_PATH}/Podfile.lock\" \"${PODS_ROOT}/Manifest.lock\" > /dev/null\nif [ $? != 0 ] ; then\n    # print error to STDERR\n    echo \"error: The sandbox is not in sync with the Podfile.lock. Run 'pod install' or update your CocoaPods installation.\" >&2\n    exit 1\nfi\n# This output is used by Xcode 'outputs' to avoid re-running this script phase.\necho \"SUCCESS\" > \"${SCRIPT_OUTPUT_FILE_0}\"\n";
			showEnvVarsInLog = 0;
		};
		BCB70E11262F37FCAD452509 /* [CP] Embed Pods Frameworks */ = {
			isa = PBXShellScriptBuildPhase;
			buildActionMask = 2147483647;
			files = (
			);
			inputPaths = (
				"${SRCROOT}/Pods/Target Support Files/Pods-CROSA/Pods-CROSA-frameworks.sh",
				"${BUILT_PRODUCTS_DIR}/Alamofire/Alamofire.framework",
				"${BUILT_PRODUCTS_DIR}/AlamofireObjectMapper/AlamofireObjectMapper.framework",
				"${BUILT_PRODUCTS_DIR}/DynamicBlurView/DynamicBlurView.framework",
				"${BUILT_PRODUCTS_DIR}/Kingfisher/Kingfisher.framework",
				"${BUILT_PRODUCTS_DIR}/ObjcExceptionBridging/ObjcExceptionBridging.framework",
				"${BUILT_PRODUCTS_DIR}/ObjectMapper/ObjectMapper.framework",
				"${BUILT_PRODUCTS_DIR}/PopupDialog/PopupDialog.framework",
				"${BUILT_PRODUCTS_DIR}/RxCocoa/RxCocoa.framework",
				"${BUILT_PRODUCTS_DIR}/RxGesture/RxGesture.framework",
				"${BUILT_PRODUCTS_DIR}/RxSwift/RxSwift.framework",
				"${BUILT_PRODUCTS_DIR}/SVProgressHUD/SVProgressHUD.framework",
				"${BUILT_PRODUCTS_DIR}/SlideMenuControllerSwift/SlideMenuControllerSwift.framework",
				"${BUILT_PRODUCTS_DIR}/SnapKit/SnapKit.framework",
				"${BUILT_PRODUCTS_DIR}/SwiftyJSON/SwiftyJSON.framework",
				"${BUILT_PRODUCTS_DIR}/SwiftyPickerPopover/SwiftyPickerPopover.framework",
				"${BUILT_PRODUCTS_DIR}/SwiftySound/SwiftySound.framework",
				"${BUILT_PRODUCTS_DIR}/XCGLogger/XCGLogger.framework",
			);
			name = "[CP] Embed Pods Frameworks";
			outputPaths = (
				"${TARGET_BUILD_DIR}/${FRAMEWORKS_FOLDER_PATH}/Alamofire.framework",
				"${TARGET_BUILD_DIR}/${FRAMEWORKS_FOLDER_PATH}/AlamofireObjectMapper.framework",
				"${TARGET_BUILD_DIR}/${FRAMEWORKS_FOLDER_PATH}/DynamicBlurView.framework",
				"${TARGET_BUILD_DIR}/${FRAMEWORKS_FOLDER_PATH}/Kingfisher.framework",
				"${TARGET_BUILD_DIR}/${FRAMEWORKS_FOLDER_PATH}/ObjcExceptionBridging.framework",
				"${TARGET_BUILD_DIR}/${FRAMEWORKS_FOLDER_PATH}/ObjectMapper.framework",
				"${TARGET_BUILD_DIR}/${FRAMEWORKS_FOLDER_PATH}/PopupDialog.framework",
				"${TARGET_BUILD_DIR}/${FRAMEWORKS_FOLDER_PATH}/RxCocoa.framework",
				"${TARGET_BUILD_DIR}/${FRAMEWORKS_FOLDER_PATH}/RxGesture.framework",
				"${TARGET_BUILD_DIR}/${FRAMEWORKS_FOLDER_PATH}/RxSwift.framework",
				"${TARGET_BUILD_DIR}/${FRAMEWORKS_FOLDER_PATH}/SVProgressHUD.framework",
				"${TARGET_BUILD_DIR}/${FRAMEWORKS_FOLDER_PATH}/SlideMenuControllerSwift.framework",
				"${TARGET_BUILD_DIR}/${FRAMEWORKS_FOLDER_PATH}/SnapKit.framework",
				"${TARGET_BUILD_DIR}/${FRAMEWORKS_FOLDER_PATH}/SwiftyJSON.framework",
				"${TARGET_BUILD_DIR}/${FRAMEWORKS_FOLDER_PATH}/SwiftyPickerPopover.framework",
				"${TARGET_BUILD_DIR}/${FRAMEWORKS_FOLDER_PATH}/SwiftySound.framework",
				"${TARGET_BUILD_DIR}/${FRAMEWORKS_FOLDER_PATH}/XCGLogger.framework",
			);
			runOnlyForDeploymentPostprocessing = 0;
			shellPath = /bin/sh;
			shellScript = "\"${SRCROOT}/Pods/Target Support Files/Pods-CROSA/Pods-CROSA-frameworks.sh\"\n";
			showEnvVarsInLog = 0;
		};
/* End PBXShellScriptBuildPhase section */

/* Begin PBXSourcesBuildPhase section */
		6CE0FFA420B65A320026BC59 /* Sources */ = {
			isa = PBXSourcesBuildPhase;
			buildActionMask = 2147483647;
			files = (
				6C353F9620B921580088E214 /* CallKitDemoViewController.swift in Sources */,
				6CA8DBBB20BAA54B00A82DA5 /* ReuseableView.swift in Sources */,
				FA0B2AEF20C7E93B006AB589 /* DateTimePicker.swift in Sources */,
				6C1424C520B9AC4F0055E5A3 /* Call.swift in Sources */,
				FA0B2AF020C7E93B006AB589 /* DateCollectionViewCell.swift in Sources */,
				6CA8DBB420BAA34200A82DA5 /* SwiftTask.swift in Sources */,
				6CA8DBC120BAA5CB00A82DA5 /* UITableViewExtensions.swift in Sources */,
				6CA8DBDB20BAADF800A82DA5 /* ContactViewController.swift in Sources */,
				6CE0FFAC20B65A320026BC59 /* AppDelegate.swift in Sources */,
				6C8B46B120B9A7C10098EDBE /* CallManager.swift in Sources */,
				6CA8DBE920BABE8800A82DA5 /* BaseNavigationController.swift in Sources */,
				6CA8DBBA20BAA54B00A82DA5 /* NibLoadableView.swift in Sources */,
				FA0B2AED20C7E93B006AB589 /* StepCollectionViewFlowLayout.swift in Sources */,
				6C9B7C5E20BF1FF8002D5CEF /* RecordCell.swift in Sources */,
				6CA8DBC520BAA5FD00A82DA5 /* ProcessInfoExtensions.swift in Sources */,
				6CA8DBCA20BAA65A00A82DA5 /* Constant.swift in Sources */,
				FA0B2AE720C797D6006AB589 /* Checkbox.swift in Sources */,
				6C7B635020B6939D008821F3 /* StringeeViewController.swift in Sources */,
				6C479CB620B70A83001B2B2B /* ProviderDelegate.swift in Sources */,
				FA0B2AEE20C7E93B006AB589 /* FullDateCollectionViewCell.swift in Sources */,
				6CA8DBD020BAA7C700A82DA5 /* Contact.swift in Sources */,
				6CA8DBD820BAAD5700A82DA5 /* BaseViewController.swift in Sources */,
				6CA8DBF220BAC7F800A82DA5 /* ContactTableViewCell.swift in Sources */,
				6C8B78B320BB014F00C43518 /* Account.swift in Sources */,
				6C05AB9C20BF046200DCB077 /* HistoryCall.swift in Sources */,
				6CA8DBCC20BAA6EA00A82DA5 /* StringExtensions.swift in Sources */,
				6CA8DBE220BAB64400A82DA5 /* LeftMenuViewController.swift in Sources */,
				6CA8DBC720BAA62100A82DA5 /* UICollectionViewExtensions.swift in Sources */,
				6CA8DBB320BAA34200A82DA5 /* _RecursiveLock.swift in Sources */,
				6CA8DBB220BAA34200A82DA5 /* Cancellable.swift in Sources */,
				6CA8DBB520BAA34200A82DA5 /* _Atomic.swift in Sources */,
				6CA8DBDE20BAB2B900A82DA5 /* UIViewControllerExtensions.swift in Sources */,
				6C8B78AF20BAFEB600C43518 /* LoginViewController.swift in Sources */,
				6CA8DBD220BAAA8F00A82DA5 /* ContactAPI.swift in Sources */,
				6C9B7C5920BF1BBF002D5CEF /* RecordListViewController.swift in Sources */,
				6CA8DBB120BAA34200A82DA5 /* _StateMachine.swift in Sources */,
				6CA8DBE720BAB69900A82DA5 /* BaseCollectionViewCell.swift in Sources */,
				6CA8DBA520BAA24800A82DA5 /* AbstractAPI.swift in Sources */,
				6C8B78B520BB020B00C43518 /* AccountAPI.swift in Sources */,
				6CA8DBFB20BAE8CF00A82DA5 /* StringeeManager.swift in Sources */,
				6CA8DBBD20BAA59200A82DA5 /* UIImageViewExtensions.swift in Sources */,
				6CA8DBBF20BAA5B100A82DA5 /* UIViewExtensions.swift in Sources */,
				6C8B46B520B9A9E40098EDBE /* Audio.swift in Sources */,
				6CA8DBF620BADD6700A82DA5 /* ContactDetailViewController.swift in Sources */,
				6CA8DBED20BAC23000A82DA5 /* DashBoardViewController.swift in Sources */,
				6CA8DBE520BAB67E00A82DA5 /* BaseTableViewCell.swift in Sources */,
				6CA8DBC320BAA5E800A82DA5 /* InitializeExtensions.swift in Sources */,
			);
			runOnlyForDeploymentPostprocessing = 0;
		};
/* End PBXSourcesBuildPhase section */

/* Begin PBXVariantGroup section */
		6CE0FFB420B65A340026BC59 /* LaunchScreen.storyboard */ = {
			isa = PBXVariantGroup;
			children = (
				6CE0FFB520B65A340026BC59 /* Base */,
			);
			name = LaunchScreen.storyboard;
			sourceTree = "<group>";
		};
/* End PBXVariantGroup section */

/* Begin XCBuildConfiguration section */
		6CE0FFB820B65A340026BC59 /* Debug */ = {
			isa = XCBuildConfiguration;
			buildSettings = {
				ALWAYS_SEARCH_USER_PATHS = NO;
				CLANG_ANALYZER_NONNULL = YES;
				CLANG_ANALYZER_NUMBER_OBJECT_CONVERSION = YES_AGGRESSIVE;
				CLANG_CXX_LANGUAGE_STANDARD = "gnu++14";
				CLANG_CXX_LIBRARY = "libc++";
				CLANG_ENABLE_MODULES = YES;
				CLANG_ENABLE_OBJC_ARC = YES;
				CLANG_ENABLE_OBJC_WEAK = YES;
				CLANG_WARN_BLOCK_CAPTURE_AUTORELEASING = YES;
				CLANG_WARN_BOOL_CONVERSION = YES;
				CLANG_WARN_COMMA = YES;
				CLANG_WARN_CONSTANT_CONVERSION = YES;
				CLANG_WARN_DEPRECATED_OBJC_IMPLEMENTATIONS = YES;
				CLANG_WARN_DIRECT_OBJC_ISA_USAGE = YES_ERROR;
				CLANG_WARN_DOCUMENTATION_COMMENTS = YES;
				CLANG_WARN_EMPTY_BODY = YES;
				CLANG_WARN_ENUM_CONVERSION = YES;
				CLANG_WARN_INFINITE_RECURSION = YES;
				CLANG_WARN_INT_CONVERSION = YES;
				CLANG_WARN_NON_LITERAL_NULL_CONVERSION = YES;
				CLANG_WARN_OBJC_IMPLICIT_RETAIN_SELF = YES;
				CLANG_WARN_OBJC_LITERAL_CONVERSION = YES;
				CLANG_WARN_OBJC_ROOT_CLASS = YES_ERROR;
				CLANG_WARN_RANGE_LOOP_ANALYSIS = YES;
				CLANG_WARN_STRICT_PROTOTYPES = YES;
				CLANG_WARN_SUSPICIOUS_MOVE = YES;
				CLANG_WARN_UNGUARDED_AVAILABILITY = YES_AGGRESSIVE;
				CLANG_WARN_UNREACHABLE_CODE = YES;
				CLANG_WARN__DUPLICATE_METHOD_MATCH = YES;
				CODE_SIGN_IDENTITY = "iPhone Developer";
				COPY_PHASE_STRIP = NO;
				DEBUG_INFORMATION_FORMAT = dwarf;
				ENABLE_STRICT_OBJC_MSGSEND = YES;
				ENABLE_TESTABILITY = YES;
				GCC_C_LANGUAGE_STANDARD = gnu11;
				GCC_DYNAMIC_NO_PIC = NO;
				GCC_NO_COMMON_BLOCKS = YES;
				GCC_OPTIMIZATION_LEVEL = 0;
				GCC_PREPROCESSOR_DEFINITIONS = (
					"DEBUG=1",
					"$(inherited)",
				);
				GCC_WARN_64_TO_32_BIT_CONVERSION = YES;
				GCC_WARN_ABOUT_RETURN_TYPE = YES_ERROR;
				GCC_WARN_UNDECLARED_SELECTOR = YES;
				GCC_WARN_UNINITIALIZED_AUTOS = YES_AGGRESSIVE;
				GCC_WARN_UNUSED_FUNCTION = YES;
				GCC_WARN_UNUSED_VARIABLE = YES;
				IPHONEOS_DEPLOYMENT_TARGET = 11.3;
				MTL_ENABLE_DEBUG_INFO = YES;
				ONLY_ACTIVE_ARCH = YES;
				SDKROOT = iphoneos;
				SWIFT_ACTIVE_COMPILATION_CONDITIONS = DEBUG;
				SWIFT_OPTIMIZATION_LEVEL = "-Onone";
			};
			name = Debug;
		};
		6CE0FFB920B65A340026BC59 /* Release */ = {
			isa = XCBuildConfiguration;
			buildSettings = {
				ALWAYS_SEARCH_USER_PATHS = NO;
				CLANG_ANALYZER_NONNULL = YES;
				CLANG_ANALYZER_NUMBER_OBJECT_CONVERSION = YES_AGGRESSIVE;
				CLANG_CXX_LANGUAGE_STANDARD = "gnu++14";
				CLANG_CXX_LIBRARY = "libc++";
				CLANG_ENABLE_MODULES = YES;
				CLANG_ENABLE_OBJC_ARC = YES;
				CLANG_ENABLE_OBJC_WEAK = YES;
				CLANG_WARN_BLOCK_CAPTURE_AUTORELEASING = YES;
				CLANG_WARN_BOOL_CONVERSION = YES;
				CLANG_WARN_COMMA = YES;
				CLANG_WARN_CONSTANT_CONVERSION = YES;
				CLANG_WARN_DEPRECATED_OBJC_IMPLEMENTATIONS = YES;
				CLANG_WARN_DIRECT_OBJC_ISA_USAGE = YES_ERROR;
				CLANG_WARN_DOCUMENTATION_COMMENTS = YES;
				CLANG_WARN_EMPTY_BODY = YES;
				CLANG_WARN_ENUM_CONVERSION = YES;
				CLANG_WARN_INFINITE_RECURSION = YES;
				CLANG_WARN_INT_CONVERSION = YES;
				CLANG_WARN_NON_LITERAL_NULL_CONVERSION = YES;
				CLANG_WARN_OBJC_IMPLICIT_RETAIN_SELF = YES;
				CLANG_WARN_OBJC_LITERAL_CONVERSION = YES;
				CLANG_WARN_OBJC_ROOT_CLASS = YES_ERROR;
				CLANG_WARN_RANGE_LOOP_ANALYSIS = YES;
				CLANG_WARN_STRICT_PROTOTYPES = YES;
				CLANG_WARN_SUSPICIOUS_MOVE = YES;
				CLANG_WARN_UNGUARDED_AVAILABILITY = YES_AGGRESSIVE;
				CLANG_WARN_UNREACHABLE_CODE = YES;
				CLANG_WARN__DUPLICATE_METHOD_MATCH = YES;
				CODE_SIGN_IDENTITY = "iPhone Developer";
				COPY_PHASE_STRIP = NO;
				DEBUG_INFORMATION_FORMAT = "dwarf-with-dsym";
				ENABLE_NS_ASSERTIONS = NO;
				ENABLE_STRICT_OBJC_MSGSEND = YES;
				GCC_C_LANGUAGE_STANDARD = gnu11;
				GCC_NO_COMMON_BLOCKS = YES;
				GCC_WARN_64_TO_32_BIT_CONVERSION = YES;
				GCC_WARN_ABOUT_RETURN_TYPE = YES_ERROR;
				GCC_WARN_UNDECLARED_SELECTOR = YES;
				GCC_WARN_UNINITIALIZED_AUTOS = YES_AGGRESSIVE;
				GCC_WARN_UNUSED_FUNCTION = YES;
				GCC_WARN_UNUSED_VARIABLE = YES;
				IPHONEOS_DEPLOYMENT_TARGET = 11.3;
				MTL_ENABLE_DEBUG_INFO = NO;
				SDKROOT = iphoneos;
				SWIFT_COMPILATION_MODE = wholemodule;
				SWIFT_OPTIMIZATION_LEVEL = "-O";
				VALIDATE_PRODUCT = YES;
			};
			name = Release;
		};
		6CE0FFBB20B65A340026BC59 /* Debug */ = {
			isa = XCBuildConfiguration;
			baseConfigurationReference = B6818358FB8410F1B7D3D41D /* Pods-CROSA.debug.xcconfig */;
			buildSettings = {
				ASSETCATALOG_COMPILER_APPICON_NAME = AppIcon;
				CLANG_ENABLE_MODULES = YES;
				CODE_SIGN_IDENTITY = "iPhone Developer: Tung Truong (JPJY4BTL7A)";
				CODE_SIGN_STYLE = Manual;
				DEVELOPMENT_TEAM = Q8WX82C9SS;
				ENABLE_BITCODE = NO;
				INFOPLIST_FILE = "$(SRCROOT)/CROSA/Supporting Files/Info.plist";
				IPHONEOS_DEPLOYMENT_TARGET = 10;
				LD_RUNPATH_SEARCH_PATHS = (
					"$(inherited)",
					"@executable_path/Frameworks",
				);
				PRODUCT_BUNDLE_IDENTIFIER = vn.topica.crosa;
				PRODUCT_NAME = "$(TARGET_NAME)";
				PROVISIONING_PROFILE = "54a70abd-7fec-4c76-bf22-0e124a5d5213";
				PROVISIONING_PROFILE_SPECIFIER = "CROSA Development";
				SWIFT_OBJC_BRIDGING_HEADER = "CROSA/Supporting Files/CROSA-Bridging-Header.h";
				SWIFT_OPTIMIZATION_LEVEL = "-Onone";
				SWIFT_VERSION = 4.0;
				TARGETED_DEVICE_FAMILY = "1,2";
			};
			name = Debug;
		};
		6CE0FFBC20B65A340026BC59 /* Release */ = {
			isa = XCBuildConfiguration;
			baseConfigurationReference = 7205D19B3F2585EB73829010 /* Pods-CROSA.release.xcconfig */;
			buildSettings = {
				ASSETCATALOG_COMPILER_APPICON_NAME = AppIcon;
				CLANG_ENABLE_MODULES = YES;
				CODE_SIGN_IDENTITY = "iPhone Distribution: TOPICA ENGLISH EDUCATION CORPORATION (Q8WX82C9SS)";
				CODE_SIGN_STYLE = Manual;
				DEVELOPMENT_TEAM = Q8WX82C9SS;
				ENABLE_BITCODE = NO;
				INFOPLIST_FILE = "$(SRCROOT)/CROSA/Supporting Files/Info.plist";
				IPHONEOS_DEPLOYMENT_TARGET = 10;
				LD_RUNPATH_SEARCH_PATHS = (
					"$(inherited)",
					"@executable_path/Frameworks",
				);
				PRODUCT_BUNDLE_IDENTIFIER = vn.topica.crosa;
				PRODUCT_NAME = "$(TARGET_NAME)";
				PROVISIONING_PROFILE = "f324b7ad-1824-49d1-a6e3-10c6c87482c9";
				PROVISIONING_PROFILE_SPECIFIER = "Crosa Adhoc";
				SWIFT_OBJC_BRIDGING_HEADER = "CROSA/Supporting Files/CROSA-Bridging-Header.h";
				SWIFT_VERSION = 4.0;
				TARGETED_DEVICE_FAMILY = "1,2";
			};
			name = Release;
		};
/* End XCBuildConfiguration section */

/* Begin XCConfigurationList section */
		6CE0FFA320B65A320026BC59 /* Build configuration list for PBXProject "CROSA" */ = {
			isa = XCConfigurationList;
			buildConfigurations = (
				6CE0FFB820B65A340026BC59 /* Debug */,
				6CE0FFB920B65A340026BC59 /* Release */,
			);
			defaultConfigurationIsVisible = 0;
			defaultConfigurationName = Release;
		};
		6CE0FFBA20B65A340026BC59 /* Build configuration list for PBXNativeTarget "CROSA" */ = {
			isa = XCConfigurationList;
			buildConfigurations = (
				6CE0FFBB20B65A340026BC59 /* Debug */,
				6CE0FFBC20B65A340026BC59 /* Release */,
			);
			defaultConfigurationIsVisible = 0;
			defaultConfigurationName = Release;
		};
/* End XCConfigurationList section */
	};
	rootObject = 6CE0FFA020B65A320026BC59 /* Project object */;
}
